
Microsoft Visual Studio Solution File, Format Version 12.00
# Visual Studio Version 16
VisualStudioVersion = 16.0.30711.63
MinimumVisualStudioVersion = 10.0.40219.1
Project("{FAE04EC0-301F-11D3-BF4B-00C04F79EFBC}") = "GoodMatch", "GoodMatch\GoodMatch.csproj", "{3F398581-6B5F-4C58-B713-DE16CAE0C83B}"
EndProject
Global
	GlobalSection(SolutionConfigurationPlatforms) = preSolution
		Debug|Any CPU = Debug|Any CPU
		Release|Any CPU = Release|Any CPU
	EndGlobalSection
	GlobalSection(ProjectConfigurationPlatforms) = postSolution
		{3F398581-6B5F-4C58-B713-DE16CAE0C83B}.Debug|Any CPU.ActiveCfg = Debug|Any CPU
		{3F398581-6B5F-4C58-B713-DE16CAE0C83B}.Debug|Any CPU.Build.0 = Debug|Any CPU
		{3F398581-6B5F-4C58-B713-DE16CAE0C83B}.Release|Any CPU.ActiveCfg = Release|Any CPU
		{3F398581-6B5F-4C58-B713-DE16CAE0C83B}.Release|Any CPU.Build.0 = Release|Any CPU
	EndGlobalSection
	GlobalSection(SolutionProperties) = preSolution
		HideSolutionNode = FALSE
	EndGlobalSection
	GlobalSection(ExtensibilityGlobals) = postSolution
		SolutionGuid = {17B0D2C1-C5D1-4162-9827-40334BBE0AC1}
	EndGlobalSection
EndGlobal
